
Microsoft Visual Studio Solution File, Format Version 12.00
# Visual Studio Version 17
VisualStudioVersion = 17.9.34902.65
MinimumVisualStudioVersion = 10.0.40219.1
Project("{8BC9CEB8-8B4A-11D0-8D11-00A0C91BC942}") = "House", "House\House.vcxproj", "{48C28142-BFD3-4EDD-9098-712553E10073}"
EndProject
Global
	GlobalSection(SolutionConfigurationPlatforms) = preSolution
		Debug|x64 = Debug|x64
		Debug|x86 = Debug|x86
		Release|x64 = Release|x64
		Release|x86 = Release|x86
	EndGlobalSection
	GlobalSection(ProjectConfigurationPlatforms) = postSolution
		{48C28142-BFD3-4EDD-9098-712553E10073}.Debug|x64.ActiveCfg = Debug|x64
		{48C28142-BFD3-4EDD-9098-712553E10073}.Debug|x64.Build.0 = Debug|x64
		{48C28142-BFD3-4EDD-9098-712553E10073}.Debug|x86.ActiveCfg = Debug|Win32
		{48C28142-BFD3-4EDD-9098-712553E10073}.Debug|x86.Build.0 = Debug|Win32
		{48C28142-BFD3-4EDD-9098-712553E10073}.Release|x64.ActiveCfg = Release|x64
		{48C28142-BFD3-4EDD-9098-712553E10073}.Release|x64.Build.0 = Release|x64
		{48C28142-BFD3-4EDD-9098-712553E10073}.Release|x86.ActiveCfg = Release|Win32
		{48C28142-BFD3-4EDD-9098-712553E10073}.Release|x86.Build.0 = Release|Win32
	EndGlobalSection
	GlobalSection(SolutionProperties) = preSolution
		HideSolutionNode = FALSE
	EndGlobalSection
	GlobalSection(ExtensibilityGlobals) = postSolution
		SolutionGuid = {D43F4122-89ED-4773-BF24-62A08CB41C0B}
	EndGlobalSection
EndGlobal
